PODS:
  - YYUtility (1.1.0):
    - YYUtility/Classes (= 1.1.0)
  - YYUtility/Classes (1.1.0)

DEPENDENCIES:
  - YYUtility (from `../`)

EXTERNAL SOURCES:
  YYUtility:
    :path: "../"

SPEC CHECKSUMS:
  YYUtility: b7e8a51321f46411315a1bb2158cbb8da835244d

PODFILE CHECKSUM: 4afad304f2f047b93182f578f83e0248c8b56840

COCOAPODS: 1.9.1
