PODS:
  - YYUtility (1.1.1):
    - YYUtility/Core (= 1.1.1)
  - YYUtility/Core (1.1.1)

DEPENDENCIES:
  - YYUtility (from `../`)

EXTERNAL SOURCES:
  YYUtility:
    :path: "../"

SPEC CHECKSUMS:
  YYUtility: a08784102294171ce6e23d89e23ed6393e3b4300

PODFILE CHECKSUM: 4afad304f2f047b93182f578f83e0248c8b56840

COCOAPODS: 1.9.1
