PODS:
  - YYUtility (1.1.2):
    - YYUtility/Core (= 1.1.2)
  - YYUtility/Core (1.1.2)

DEPENDENCIES:
  - YYUtility (from `../`)

EXTERNAL SOURCES:
  YYUtility:
    :path: "../"

SPEC CHECKSUMS:
  YYUtility: 830245badbd4fb3ca63493fab70174fc703167e5

PODFILE CHECKSUM: 4afad304f2f047b93182f578f83e0248c8b56840

COCOAPODS: 1.9.1
